hash: 6fc2dfd307580611a3c2673d2933a7f163d18d345af2fbfcf2e5ab470f677fb4
updated: 2016-11-04T11:57:55.772287216-06:00
imports:
- name: github.com/alecthomas/template
  version: a0175ee3bccc567396460bf5acd36800cb10c49c
  subpackages:
  - parse
- name: github.com/alecthomas/units
  version: 2efee857e7cfd4f3d0138cc3cbb1b4966962b93a
- name: github.com/gravitational/configure
  version: 4e0f2df8846ee9557b5c88307a769ff2f85e89cd
  subpackages:
  - cstrings
- name: github.com/gravitational/trace
  version: 6e153c7add15eb07e311f892779fb294373c4cfa
- name: github.com/jonboulle/clockwork
  version: bcac9884e7502bb2b474c0339d889cb981a2f27f
- name: github.com/Sirupsen/logrus
  version: d26492970760ca5d33129d2d799e34be5c4782eb
- name: github.com/tebeka/selenium
  version: 05506c8ee6422108475198b2c9b888b7b96c5c24
- name: golang.org/x/crypto
  version: 9477e0b78b9ac3d0b03822fd95422e2fe07627cd
  subpackages:
  - ssh
  - curve25519
  - ed25519
  - ed25519/internal/edwards25519
- name: golang.org/x/net
  version: 569280fa63be4e201b975e5411e30a92178f0118
  subpackages:
  - context
- name: golang.org/x/sys
  version: c200b10b5d5e122be351b67af224adc6128af5bf
  subpackages:
  - unix
- name: gopkg.in/alecthomas/kingpin.v2
  version: e9044be3ab2a8e11d4e1f418d12f0790d57e8d70
- name: gopkg.in/yaml.v2
  version: a5b47d31c556af34a302ce5d659e6fea44d90de0
testImports: []
